<?xml version="1.0" encoding="UTF-8" standalone="yes" ?>
<CodeBlocks_project_file>
	<FileVersion major="1" minor="6" />
	<Project>
		<Option title="Priority Queue Double Ended" />
		<Option pch_mode="2" />
		<Option compiler="tdm-gcc-32-mingw" />
		<Build>
			<Target title="Release">
				<Option output="lib/x86/pq" prefix_auto="1" extension_auto="1" />
				<Option working_dir="" />
				<Option object_output="obj/Release/x86/" />
				<Option type="2" />
				<Option compiler="tdm-gcc-32-mingw" />
				<Option createDefFile="1" />
				<Compiler>
					<Add option="-O2" />
					<Add option="-std=c99" />
					<Add option="-ansi" />
					<Add option="-DNDEBUG" />
				</Compiler>
				<Linker>
					<Add option="-s" />
					<Add directory="$(#libbiheap.LIB)/x86" />
				</Linker>
			</Target>
			<Target title="Release64">
				<Option output="lib/x64/pq" prefix_auto="1" extension_auto="1" />
				<Option working_dir="" />
				<Option object_output="obj/Release/x64/" />
				<Option type="2" />
				<Option compiler="tdm-gcc-64-mingw-w64" />
				<Option createDefFile="1" />
				<Compiler>
					<Add option="-O2" />
					<Add option="-std=c99" />
					<Add option="-ansi" />
					<Add option="-m64" />
					<Add option="-DNDEBUG" />
				</Compiler>
				<Linker>
					<Add option="-s" />
					<Add option="-m64" />
					<Add directory="$(#libbiheap.LIB)/x64" />
				</Linker>
			</Target>
		</Build>
		<Compiler>
			<Add option="-Wall" />
			<Add directory="$(#libbiheap.INCLUDE)" />
		</Compiler>
		<Linker>
			<Add library="biheap" />
		</Linker>
		<Unit filename="src/pq.h" />
		<Unit filename="src/pq_init_destroy.c">
			<Option compilerVar="CC" />
		</Unit>
		<Unit filename="src/pq_internal.h" />
		<Unit filename="src/pq_mutation_algorithms.c">
			<Option compilerVar="CC" />
		</Unit>
		<Unit filename="src/pq_priority_update.c">
			<Option compilerVar="CC" />
		</Unit>
		<Unit filename="src/pq_utility_functions.c">
			<Option compilerVar="CC" />
		</Unit>
		<Extensions />
	</Project>
</CodeBlocks_project_file>
